
Microsoft Visual Studio Solution File, Format Version 12.00
# Visual Studio Version 17
VisualStudioVersion = 17.0.31717.71
MinimumVisualStudioVersion = 10.0.40219.1
Project("{F184B08F-C81C-45F6-A57F-5ABD9991F28F}") = "AnvizChecker", "AnvizChecker\AnvizChecker.vbproj", "{9EE53325-A76A-4815-8F99-B055D6FE98CB}"
EndProject
Global
	GlobalSection(SolutionConfigurationPlatforms) = preSolution
		Debug|Any CPU = Debug|Any CPU
		Release|Any CPU = Release|Any CPU
	EndGlobalSection
	GlobalSection(ProjectConfigurationPlatforms) = postSolution
		{9EE53325-A76A-4815-8F99-B055D6FE98CB}.Debug|Any CPU.ActiveCfg = Debug|Any CPU
		{9EE53325-A76A-4815-8F99-B055D6FE98CB}.Debug|Any CPU.Build.0 = Debug|Any CPU
		{9EE53325-A76A-4815-8F99-B055D6FE98CB}.Release|Any CPU.ActiveCfg = Release|Any CPU
		{9EE53325-A76A-4815-8F99-B055D6FE98CB}.Release|Any CPU.Build.0 = Release|Any CPU
	EndGlobalSection
	GlobalSection(SolutionProperties) = preSolution
		HideSolutionNode = FALSE
	EndGlobalSection
	GlobalSection(ExtensibilityGlobals) = postSolution
		SolutionGuid = {2EE07249-2991-4CCC-9CFF-702E4834CA42}
	EndGlobalSection
EndGlobal
